
Microsoft Visual Studio Solution File, Format Version 12.00
# Visual Studio Version 17
VisualStudioVersion = 17.2.32602.215
MinimumVisualStudioVersion = 10.0.40219.1
Project("{FAE04EC0-301F-11D3-BF4B-00C04F79EFBC}") = "Myy", "Myy\Myy.csproj", "{9B6A805A-F38B-48A1-AF39-09AB44C7FE94}"
EndProject
Global
	GlobalSection(SolutionConfigurationPlatforms) = preSolution
		Debug|Any CPU = Debug|Any CPU
		Release|Any CPU = Release|Any CPU
	EndGlobalSection
	GlobalSection(ProjectConfigurationPlatforms) = postSolution
		{9B6A805A-F38B-48A1-AF39-09AB44C7FE94}.Debug|Any CPU.ActiveCfg = Debug|Any CPU
		{9B6A805A-F38B-48A1-AF39-09AB44C7FE94}.Debug|Any CPU.Build.0 = Debug|Any CPU
		{9B6A805A-F38B-48A1-AF39-09AB44C7FE94}.Release|Any CPU.ActiveCfg = Release|Any CPU
		{9B6A805A-F38B-48A1-AF39-09AB44C7FE94}.Release|Any CPU.Build.0 = Release|Any CPU
	EndGlobalSection
	GlobalSection(SolutionProperties) = preSolution
		HideSolutionNode = FALSE
	EndGlobalSection
	GlobalSection(ExtensibilityGlobals) = postSolution
		SolutionGuid = {418D2CFB-A44C-4214-AF0B-9B6A0EA8A5BA}
	EndGlobalSection
EndGlobal
